PODS:
  - Flutter (1.0.0)
  - opencv (0.0.1):
    - Flutter

DEPENDENCIES:
  - Flutter (from `Flutter`)
  - opencv (from `.symlinks/plugins/opencv/ios`)

EXTERNAL SOURCES:
  Flutter:
    :path: Flutter
  opencv:
    :path: ".symlinks/plugins/opencv/ios"

SPEC CHECKSUMS:
  Flutter: 0e3d915762c693b495b44d77113d4970485de6ec
  opencv: 951479fc3a2364836a6f7e8154b974c8115c83d0

PODFILE CHECKSUM: 1b66dae606f75376c5f2135a8290850eeb09ae83

COCOAPODS: 1.9.1
